
Microsoft Visual Studio Solution File, Format Version 12.00
# Visual Studio 15
VisualStudioVersion = 15.0.28307.329
MinimumVisualStudioVersion = 10.0.40219.1
Project("{2150E333-8FDC-42A3-9474-1A3956D46DE8}") = "Client", "Client", "{F8C03B76-FB94-4DD3-BCE9-78BD682B6C4D}"
EndProject
Project("{2150E333-8FDC-42A3-9474-1A3956D46DE8}") = "Model", "Model", "{93A91AE7-D968-47E4-8209-04D6BCCBF6D9}"
EndProject
Project("{9A19103F-16F7-4668-BE54-9A1E7A4F7556}") = "ConsoleApp1", "ConsoleApp1\ConsoleApp1.csproj", "{80C15F91-90F0-4222-8289-CF5306A10D0D}"
EndProject
Project("{9A19103F-16F7-4668-BE54-9A1E7A4F7556}") = "ClassLibrary1", "ClassLibrary1\ClassLibrary1.csproj", "{D3447EB0-84D2-4E63-8C60-A70D64E58713}"
EndProject
Project("{FAE04EC0-301F-11D3-BF4B-00C04F79EFBC}") = "App1.Android", "App1.Android\App1.Android.Android\App1.Android.csproj", "{E400081B-31F4-48B0-AB59-4F6C415A2D83}"
EndProject
Project("{FAE04EC0-301F-11D3-BF4B-00C04F79EFBC}") = "App1.iOS", "App1\App1.iOS\App1.iOS.csproj", "{06AA084F-3461-495D-A4AC-2F42FC6783AE}"
EndProject
Project("{FAE04EC0-301F-11D3-BF4B-00C04F79EFBC}") = "App1", "App1\App1\App1.csproj", "{31323DA6-F18B-4DA7-BD87-31032D915104}"
EndProject
Global
	GlobalSection(SolutionConfigurationPlatforms) = preSolution
		Ad-Hoc|Any CPU = Ad-Hoc|Any CPU
		Ad-Hoc|ARM = Ad-Hoc|ARM
		Ad-Hoc|iPhone = Ad-Hoc|iPhone
		Ad-Hoc|iPhoneSimulator = Ad-Hoc|iPhoneSimulator
		Ad-Hoc|x64 = Ad-Hoc|x64
		Ad-Hoc|x86 = Ad-Hoc|x86
		AppStore|Any CPU = AppStore|Any CPU
		AppStore|ARM = AppStore|ARM
		AppStore|iPhone = AppStore|iPhone
		AppStore|iPhoneSimulator = AppStore|iPhoneSimulator
		AppStore|x64 = AppStore|x64
		AppStore|x86 = AppStore|x86
		Debug|Any CPU = Debug|Any CPU
		Debug|ARM = Debug|ARM
		Debug|iPhone = Debug|iPhone
		Debug|iPhoneSimulator = Debug|iPhoneSimulator
		Debug|x64 = Debug|x64
		Debug|x86 = Debug|x86
		Release|Any CPU = Release|Any CPU
		Release|ARM = Release|ARM
		Release|iPhone = Release|iPhone
		Release|iPhoneSimulator = Release|iPhoneSimulator
		Release|x64 = Release|x64
		Release|x86 = Release|x86
	EndGlobalSection
	GlobalSection(ProjectConfigurationPlatforms) = postSolution
		{80C15F91-90F0-4222-8289-CF5306A10D0D}.Ad-Hoc|Any CPU.ActiveCfg = Debug|Any CPU
		{80C15F91-90F0-4222-8289-CF5306A10D0D}.Ad-Hoc|Any CPU.Build.0 = Debug|Any CPU
		{80C15F91-90F0-4222-8289-CF5306A10D0D}.Ad-Hoc|ARM.ActiveCfg = Debug|Any CPU
		{80C15F91-90F0-4222-8289-CF5306A10D0D}.Ad-Hoc|ARM.Build.0 = Debug|Any CPU
		{80C15F91-90F0-4222-8289-CF5306A10D0D}.Ad-Hoc|iPhone.ActiveCfg = Debug|Any CPU
		{80C15F91-90F0-4222-8289-CF5306A10D0D}.Ad-Hoc|iPhone.Build.0 = Debug|Any CPU
		{80C15F91-90F0-4222-8289-CF5306A10D0D}.Ad-Hoc|iPhoneSimulator.ActiveCfg = Debug|Any CPU
		{80C15F91-90F0-4222-8289-CF5306A10D0D}.Ad-Hoc|iPhoneSimulator.Build.0 = Debug|Any CPU
		{80C15F91-90F0-4222-8289-CF5306A10D0D}.Ad-Hoc|x64.ActiveCfg = Debug|Any CPU
		{80C15F91-90F0-4222-8289-CF5306A10D0D}.Ad-Hoc|x64.Build.0 = Debug|Any CPU
		{80C15F91-90F0-4222-8289-CF5306A10D0D}.Ad-Hoc|x86.ActiveCfg = Debug|Any CPU
		{80C15F91-90F0-4222-8289-CF5306A10D0D}.Ad-Hoc|x86.Build.0 = Debug|Any CPU
		{80C15F91-90F0-4222-8289-CF5306A10D0D}.AppStore|Any CPU.ActiveCfg = Debug|Any CPU
		{80C15F91-90F0-4222-8289-CF5306A10D0D}.AppStore|Any CPU.Build.0 = Debug|Any CPU
		{80C15F91-90F0-4222-8289-CF5306A10D0D}.AppStore|ARM.ActiveCfg = Debug|Any CPU
		{80C15F91-90F0-4222-8289-CF5306A10D0D}.AppStore|ARM.Build.0 = Debug|Any CPU
		{80C15F91-90F0-4222-8289-CF5306A10D0D}.AppStore|iPhone.ActiveCfg = Debug|Any CPU
		{80C15F91-90F0-4222-8289-CF5306A10D0D}.AppStore|iPhone.Build.0 = Debug|Any CPU
		{80C15F91-90F0-4222-8289-CF5306A10D0D}.AppStore|iPhoneSimulator.ActiveCfg = Debug|Any CPU
		{80C15F91-90F0-4222-8289-CF5306A10D0D}.AppStore|iPhoneSimulator.Build.0 = Debug|Any CPU
		{80C15F91-90F0-4222-8289-CF5306A10D0D}.AppStore|x64.ActiveCfg = Debug|Any CPU
		{80C15F91-90F0-4222-8289-CF5306A10D0D}.AppStore|x64.Build.0 = Debug|Any CPU
		{80C15F91-90F0-4222-8289-CF5306A10D0D}.AppStore|x86.ActiveCfg = Debug|Any CPU
		{80C15F91-90F0-4222-8289-CF5306A10D0D}.AppStore|x86.Build.0 = Debug|Any CPU
		{80C15F91-90F0-4222-8289-CF5306A10D0D}.Debug|Any CPU.ActiveCfg = Debug|Any CPU
		{80C15F91-90F0-4222-8289-CF5306A10D0D}.Debug|Any CPU.Build.0 = Debug|Any CPU
		{80C15F91-90F0-4222-8289-CF5306A10D0D}.Debug|ARM.ActiveCfg = Debug|Any CPU
		{80C15F91-90F0-4222-8289-CF5306A10D0D}.Debug|ARM.Build.0 = Debug|Any CPU
		{80C15F91-90F0-4222-8289-CF5306A10D0D}.Debug|iPhone.ActiveCfg = Debug|Any CPU
		{80C15F91-90F0-4222-8289-CF5306A10D0D}.Debug|iPhone.Build.0 = Debug|Any CPU
		{80C15F91-90F0-4222-8289-CF5306A10D0D}.Debug|iPhoneSimulator.ActiveCfg = Debug|Any CPU
		{80C15F91-90F0-4222-8289-CF5306A10D0D}.Debug|iPhoneSimulator.Build.0 = Debug|Any CPU
		{80C15F91-90F0-4222-8289-CF5306A10D0D}.Debug|x64.ActiveCfg = Debug|Any CPU
		{80C15F91-90F0-4222-8289-CF5306A10D0D}.Debug|x64.Build.0 = Debug|Any CPU
		{80C15F91-90F0-4222-8289-CF5306A10D0D}.Debug|x86.ActiveCfg = Debug|Any CPU
		{80C15F91-90F0-4222-8289-CF5306A10D0D}.Debug|x86.Build.0 = Debug|Any CPU
		{80C15F91-90F0-4222-8289-CF5306A10D0D}.Release|Any CPU.ActiveCfg = Release|Any CPU
		{80C15F91-90F0-4222-8289-CF5306A10D0D}.Release|Any CPU.Build.0 = Release|Any CPU
		{80C15F91-90F0-4222-8289-CF5306A10D0D}.Release|ARM.ActiveCfg = Release|Any CPU
		{80C15F91-90F0-4222-8289-CF5306A10D0D}.Release|ARM.Build.0 = Release|Any CPU
		{80C15F91-90F0-4222-8289-CF5306A10D0D}.Release|iPhone.ActiveCfg = Release|Any CPU
		{80C15F91-90F0-4222-8289-CF5306A10D0D}.Release|iPhone.Build.0 = Release|Any CPU
		{80C15F91-90F0-4222-8289-CF5306A10D0D}.Release|iPhoneSimulator.ActiveCfg = Release|Any CPU
		{80C15F91-90F0-4222-8289-CF5306A10D0D}.Release|iPhoneSimulator.Build.0 = Release|Any CPU
		{80C15F91-90F0-4222-8289-CF5306A10D0D}.Release|x64.ActiveCfg = Release|Any CPU
		{80C15F91-90F0-4222-8289-CF5306A10D0D}.Release|x64.Build.0 = Release|Any CPU
		{80C15F91-90F0-4222-8289-CF5306A10D0D}.Release|x86.ActiveCfg = Release|Any CPU
		{80C15F91-90F0-4222-8289-CF5306A10D0D}.Release|x86.Build.0 = Release|Any CPU
		{D3447EB0-84D2-4E63-8C60-A70D64E58713}.Ad-Hoc|Any CPU.ActiveCfg = Debug|Any CPU
		{D3447EB0-84D2-4E63-8C60-A70D64E58713}.Ad-Hoc|Any CPU.Build.0 = Debug|Any CPU
		{D3447EB0-84D2-4E63-8C60-A70D64E58713}.Ad-Hoc|ARM.ActiveCfg = Debug|Any CPU
		{D3447EB0-84D2-4E63-8C60-A70D64E58713}.Ad-Hoc|ARM.Build.0 = Debug|Any CPU
		{D3447EB0-84D2-4E63-8C60-A70D64E58713}.Ad-Hoc|iPhone.ActiveCfg = Debug|Any CPU
		{D3447EB0-84D2-4E63-8C60-A70D64E58713}.Ad-Hoc|iPhone.Build.0 = Debug|Any CPU
		{D3447EB0-84D2-4E63-8C60-A70D64E58713}.Ad-Hoc|iPhoneSimulator.ActiveCfg = Debug|Any CPU
		{D3447EB0-84D2-4E63-8C60-A70D64E58713}.Ad-Hoc|iPhoneSimulator.Build.0 = Debug|Any CPU
		{D3447EB0-84D2-4E63-8C60-A70D64E58713}.Ad-Hoc|x64.ActiveCfg = Debug|Any CPU
		{D3447EB0-84D2-4E63-8C60-A70D64E58713}.Ad-Hoc|x64.Build.0 = Debug|Any CPU
		{D3447EB0-84D2-4E63-8C60-A70D64E58713}.Ad-Hoc|x86.ActiveCfg = Debug|Any CPU
		{D3447EB0-84D2-4E63-8C60-A70D64E58713}.Ad-Hoc|x86.Build.0 = Debug|Any CPU
		{D3447EB0-84D2-4E63-8C60-A70D64E58713}.AppStore|Any CPU.ActiveCfg = Debug|Any CPU
		{D3447EB0-84D2-4E63-8C60-A70D64E58713}.AppStore|Any CPU.Build.0 = Debug|Any CPU
		{D3447EB0-84D2-4E63-8C60-A70D64E58713}.AppStore|ARM.ActiveCfg = Debug|Any CPU
		{D3447EB0-84D2-4E63-8C60-A70D64E58713}.AppStore|ARM.Build.0 = Debug|Any CPU
		{D3447EB0-84D2-4E63-8C60-A70D64E58713}.AppStore|iPhone.ActiveCfg = Debug|Any CPU
		{D3447EB0-84D2-4E63-8C60-A70D64E58713}.AppStore|iPhone.Build.0 = Debug|Any CPU
		{D3447EB0-84D2-4E63-8C60-A70D64E58713}.AppStore|iPhoneSimulator.ActiveCfg = Debug|Any CPU
		{D3447EB0-84D2-4E63-8C60-A70D64E58713}.AppStore|iPhoneSimulator.Build.0 = Debug|Any CPU
		{D3447EB0-84D2-4E63-8C60-A70D64E58713}.AppStore|x64.ActiveCfg = Debug|Any CPU
		{D3447EB0-84D2-4E63-8C60-A70D64E58713}.AppStore|x64.Build.0 = Debug|Any CPU
		{D3447EB0-84D2-4E63-8C60-A70D64E58713}.AppStore|x86.ActiveCfg = Debug|Any CPU
		{D3447EB0-84D2-4E63-8C60-A70D64E58713}.AppStore|x86.Build.0 = Debug|Any CPU
		{D3447EB0-84D2-4E63-8C60-A70D64E58713}.Debug|Any CPU.ActiveCfg = Debug|Any CPU
		{D3447EB0-84D2-4E63-8C60-A70D64E58713}.Debug|Any CPU.Build.0 = Debug|Any CPU
		{D3447EB0-84D2-4E63-8C60-A70D64E58713}.Debug|ARM.ActiveCfg = Debug|Any CPU
		{D3447EB0-84D2-4E63-8C60-A70D64E58713}.Debug|ARM.Build.0 = Debug|Any CPU
		{D3447EB0-84D2-4E63-8C60-A70D64E58713}.Debug|iPhone.ActiveCfg = Debug|Any CPU
		{D3447EB0-84D2-4E63-8C60-A70D64E58713}.Debug|iPhone.Build.0 = Debug|Any CPU
		{D3447EB0-84D2-4E63-8C60-A70D64E58713}.Debug|iPhoneSimulator.ActiveCfg = Debug|Any CPU
		{D3447EB0-84D2-4E63-8C60-A70D64E58713}.Debug|iPhoneSimulator.Build.0 = Debug|Any CPU
		{D3447EB0-84D2-4E63-8C60-A70D64E58713}.Debug|x64.ActiveCfg = Debug|Any CPU
		{D3447EB0-84D2-4E63-8C60-A70D64E58713}.Debug|x64.Build.0 = Debug|Any CPU
		{D3447EB0-84D2-4E63-8C60-A70D64E58713}.Debug|x86.ActiveCfg = Debug|Any CPU
		{D3447EB0-84D2-4E63-8C60-A70D64E58713}.Debug|x86.Build.0 = Debug|Any CPU
		{D3447EB0-84D2-4E63-8C60-A70D64E58713}.Release|Any CPU.ActiveCfg = Release|Any CPU
		{D3447EB0-84D2-4E63-8C60-A70D64E58713}.Release|Any CPU.Build.0 = Release|Any CPU
		{D3447EB0-84D2-4E63-8C60-A70D64E58713}.Release|ARM.ActiveCfg = Release|Any CPU
		{D3447EB0-84D2-4E63-8C60-A70D64E58713}.Release|ARM.Build.0 = Release|Any CPU
		{D3447EB0-84D2-4E63-8C60-A70D64E58713}.Release|iPhone.ActiveCfg = Release|Any CPU
		{D3447EB0-84D2-4E63-8C60-A70D64E58713}.Release|iPhone.Build.0 = Release|Any CPU
		{D3447EB0-84D2-4E63-8C60-A70D64E58713}.Release|iPhoneSimulator.ActiveCfg = Release|Any CPU
		{D3447EB0-84D2-4E63-8C60-A70D64E58713}.Release|iPhoneSimulator.Build.0 = Release|Any CPU
		{D3447EB0-84D2-4E63-8C60-A70D64E58713}.Release|x64.ActiveCfg = Release|Any CPU
		{D3447EB0-84D2-4E63-8C60-A70D64E58713}.Release|x64.Build.0 = Release|Any CPU
		{D3447EB0-84D2-4E63-8C60-A70D64E58713}.Release|x86.ActiveCfg = Release|Any CPU
		{D3447EB0-84D2-4E63-8C60-A70D64E58713}.Release|x86.Build.0 = Release|Any CPU
		{E400081B-31F4-48B0-AB59-4F6C415A2D83}.Ad-Hoc|Any CPU.ActiveCfg = Release|Any CPU
		{E400081B-31F4-48B0-AB59-4F6C415A2D83}.Ad-Hoc|Any CPU.Build.0 = Release|Any CPU
		{E400081B-31F4-48B0-AB59-4F6C415A2D83}.Ad-Hoc|Any CPU.Deploy.0 = Release|Any CPU
		{E400081B-31F4-48B0-AB59-4F6C415A2D83}.Ad-Hoc|ARM.ActiveCfg = Release|Any CPU
		{E400081B-31F4-48B0-AB59-4F6C415A2D83}.Ad-Hoc|ARM.Build.0 = Release|Any CPU
		{E400081B-31F4-48B0-AB59-4F6C415A2D83}.Ad-Hoc|ARM.Deploy.0 = Release|Any CPU
		{E400081B-31F4-48B0-AB59-4F6C415A2D83}.Ad-Hoc|iPhone.ActiveCfg = Release|Any CPU
		{E400081B-31F4-48B0-AB59-4F6C415A2D83}.Ad-Hoc|iPhone.Build.0 = Release|Any CPU
		{E400081B-31F4-48B0-AB59-4F6C415A2D83}.Ad-Hoc|iPhone.Deploy.0 = Release|Any CPU
		{E400081B-31F4-48B0-AB59-4F6C415A2D83}.Ad-Hoc|iPhoneSimulator.ActiveCfg = Release|Any CPU
		{E400081B-31F4-48B0-AB59-4F6C415A2D83}.Ad-Hoc|iPhoneSimulator.Build.0 = Release|Any CPU
		{E400081B-31F4-48B0-AB59-4F6C415A2D83}.Ad-Hoc|iPhoneSimulator.Deploy.0 = Release|Any CPU
		{E400081B-31F4-48B0-AB59-4F6C415A2D83}.Ad-Hoc|x64.ActiveCfg = Release|Any CPU
		{E400081B-31F4-48B0-AB59-4F6C415A2D83}.Ad-Hoc|x64.Build.0 = Release|Any CPU
		{E400081B-31F4-48B0-AB59-4F6C415A2D83}.Ad-Hoc|x64.Deploy.0 = Release|Any CPU
		{E400081B-31F4-48B0-AB59-4F6C415A2D83}.Ad-Hoc|x86.ActiveCfg = Release|Any CPU
		{E400081B-31F4-48B0-AB59-4F6C415A2D83}.Ad-Hoc|x86.Build.0 = Release|Any CPU
		{E400081B-31F4-48B0-AB59-4F6C415A2D83}.Ad-Hoc|x86.Deploy.0 = Release|Any CPU
		{E400081B-31F4-48B0-AB59-4F6C415A2D83}.AppStore|Any CPU.ActiveCfg = Release|Any CPU
		{E400081B-31F4-48B0-AB59-4F6C415A2D83}.AppStore|Any CPU.Build.0 = Release|Any CPU
		{E400081B-31F4-48B0-AB59-4F6C415A2D83}.AppStore|Any CPU.Deploy.0 = Release|Any CPU
		{E400081B-31F4-48B0-AB59-4F6C415A2D83}.AppStore|ARM.ActiveCfg = Release|Any CPU
		{E400081B-31F4-48B0-AB59-4F6C415A2D83}.AppStore|ARM.Build.0 = Release|Any CPU
		{E400081B-31F4-48B0-AB59-4F6C415A2D83}.AppStore|ARM.Deploy.0 = Release|Any CPU
		{E400081B-31F4-48B0-AB59-4F6C415A2D83}.AppStore|iPhone.ActiveCfg = Release|Any CPU
		{E400081B-31F4-48B0-AB59-4F6C415A2D83}.AppStore|iPhone.Build.0 = Release|Any CPU
		{E400081B-31F4-48B0-AB59-4F6C415A2D83}.AppStore|iPhone.Deploy.0 = Release|Any CPU
		{E400081B-31F4-48B0-AB59-4F6C415A2D83}.AppStore|iPhoneSimulator.ActiveCfg = Release|Any CPU
		{E400081B-31F4-48B0-AB59-4F6C415A2D83}.AppStore|iPhoneSimulator.Build.0 = Release|Any CPU
		{E400081B-31F4-48B0-AB59-4F6C415A2D83}.AppStore|iPhoneSimulator.Deploy.0 = Release|Any CPU
		{E400081B-31F4-48B0-AB59-4F6C415A2D83}.AppStore|x64.ActiveCfg = Release|Any CPU
		{E400081B-31F4-48B0-AB59-4F6C415A2D83}.AppStore|x64.Build.0 = Release|Any CPU
		{E400081B-31F4-48B0-AB59-4F6C415A2D83}.AppStore|x64.Deploy.0 = Release|Any CPU
		{E400081B-31F4-48B0-AB59-4F6C415A2D83}.AppStore|x86.ActiveCfg = Release|Any CPU
		{E400081B-31F4-48B0-AB59-4F6C415A2D83}.AppStore|x86.Build.0 = Release|Any CPU
		{E400081B-31F4-48B0-AB59-4F6C415A2D83}.AppStore|x86.Deploy.0 = Release|Any CPU
		{E400081B-31F4-48B0-AB59-4F6C415A2D83}.Debug|Any CPU.ActiveCfg = Debug|Any CPU
		{E400081B-31F4-48B0-AB59-4F6C415A2D83}.Debug|Any CPU.Build.0 = Debug|Any CPU
		{E400081B-31F4-48B0-AB59-4F6C415A2D83}.Debug|Any CPU.Deploy.0 = Debug|Any CPU
		{E400081B-31F4-48B0-AB59-4F6C415A2D83}.Debug|ARM.ActiveCfg = Debug|Any CPU
		{E400081B-31F4-48B0-AB59-4F6C415A2D83}.Debug|ARM.Build.0 = Debug|Any CPU
		{E400081B-31F4-48B0-AB59-4F6C415A2D83}.Debug|ARM.Deploy.0 = Debug|Any CPU
		{E400081B-31F4-48B0-AB59-4F6C415A2D83}.Debug|iPhone.ActiveCfg = Debug|Any CPU
		{E400081B-31F4-48B0-AB59-4F6C415A2D83}.Debug|iPhone.Build.0 = Debug|Any CPU
		{E400081B-31F4-48B0-AB59-4F6C415A2D83}.Debug|iPhone.Deploy.0 = Debug|Any CPU
		{E400081B-31F4-48B0-AB59-4F6C415A2D83}.Debug|iPhoneSimulator.ActiveCfg = Debug|Any CPU
		{E400081B-31F4-48B0-AB59-4F6C415A2D83}.Debug|iPhoneSimulator.Build.0 = Debug|Any CPU
		{E400081B-31F4-48B0-AB59-4F6C415A2D83}.Debug|iPhoneSimulator.Deploy.0 = Debug|Any CPU
		{E400081B-31F4-48B0-AB59-4F6C415A2D83}.Debug|x64.ActiveCfg = Debug|Any CPU
		{E400081B-31F4-48B0-AB59-4F6C415A2D83}.Debug|x64.Build.0 = Debug|Any CPU
		{E400081B-31F4-48B0-AB59-4F6C415A2D83}.Debug|x64.Deploy.0 = Debug|Any CPU
		{E400081B-31F4-48B0-AB59-4F6C415A2D83}.Debug|x86.ActiveCfg = Debug|Any CPU
		{E400081B-31F4-48B0-AB59-4F6C415A2D83}.Debug|x86.Build.0 = Debug|Any CPU
		{E400081B-31F4-48B0-AB59-4F6C415A2D83}.Debug|x86.Deploy.0 = Debug|Any CPU
		{E400081B-31F4-48B0-AB59-4F6C415A2D83}.Release|Any CPU.ActiveCfg = Release|Any CPU
		{E400081B-31F4-48B0-AB59-4F6C415A2D83}.Release|Any CPU.Build.0 = Release|Any CPU
		{E400081B-31F4-48B0-AB59-4F6C415A2D83}.Release|Any CPU.Deploy.0 = Release|Any CPU
		{E400081B-31F4-48B0-AB59-4F6C415A2D83}.Release|ARM.ActiveCfg = Release|Any CPU
		{E400081B-31F4-48B0-AB59-4F6C415A2D83}.Release|ARM.Build.0 = Release|Any CPU
		{E400081B-31F4-48B0-AB59-4F6C415A2D83}.Release|ARM.Deploy.0 = Release|Any CPU
		{E400081B-31F4-48B0-AB59-4F6C415A2D83}.Release|iPhone.ActiveCfg = Release|Any CPU
		{E400081B-31F4-48B0-AB59-4F6C415A2D83}.Release|iPhone.Build.0 = Release|Any CPU
		{E400081B-31F4-48B0-AB59-4F6C415A2D83}.Release|iPhone.Deploy.0 = Release|Any CPU
		{E400081B-31F4-48B0-AB59-4F6C415A2D83}.Release|iPhoneSimulator.ActiveCfg = Release|Any CPU
		{E400081B-31F4-48B0-AB59-4F6C415A2D83}.Release|iPhoneSimulator.Build.0 = Release|Any CPU
		{E400081B-31F4-48B0-AB59-4F6C415A2D83}.Release|iPhoneSimulator.Deploy.0 = Release|Any CPU
		{E400081B-31F4-48B0-AB59-4F6C415A2D83}.Release|x64.ActiveCfg = Release|Any CPU
		{E400081B-31F4-48B0-AB59-4F6C415A2D83}.Release|x64.Build.0 = Release|Any CPU
		{E400081B-31F4-48B0-AB59-4F6C415A2D83}.Release|x64.Deploy.0 = Release|Any CPU
		{E400081B-31F4-48B0-AB59-4F6C415A2D83}.Release|x86.ActiveCfg = Release|Any CPU
		{E400081B-31F4-48B0-AB59-4F6C415A2D83}.Release|x86.Build.0 = Release|Any CPU
		{E400081B-31F4-48B0-AB59-4F6C415A2D83}.Release|x86.Deploy.0 = Release|Any CPU
		{06AA084F-3461-495D-A4AC-2F42FC6783AE}.Ad-Hoc|Any CPU.ActiveCfg = Ad-Hoc|iPhone
		{06AA084F-3461-495D-A4AC-2F42FC6783AE}.Ad-Hoc|ARM.ActiveCfg = Ad-Hoc|iPhone
		{06AA084F-3461-495D-A4AC-2F42FC6783AE}.Ad-Hoc|iPhone.ActiveCfg = Ad-Hoc|iPhone
		{06AA084F-3461-495D-A4AC-2F42FC6783AE}.Ad-Hoc|iPhone.Build.0 = Ad-Hoc|iPhone
		{06AA084F-3461-495D-A4AC-2F42FC6783AE}.Ad-Hoc|iPhoneSimulator.ActiveCfg = Ad-Hoc|iPhoneSimulator
		{06AA084F-3461-495D-A4AC-2F42FC6783AE}.Ad-Hoc|iPhoneSimulator.Build.0 = Ad-Hoc|iPhoneSimulator
		{06AA084F-3461-495D-A4AC-2F42FC6783AE}.Ad-Hoc|x64.ActiveCfg = Ad-Hoc|iPhone
		{06AA084F-3461-495D-A4AC-2F42FC6783AE}.Ad-Hoc|x86.ActiveCfg = Ad-Hoc|iPhone
		{06AA084F-3461-495D-A4AC-2F42FC6783AE}.AppStore|Any CPU.ActiveCfg = AppStore|iPhone
		{06AA084F-3461-495D-A4AC-2F42FC6783AE}.AppStore|ARM.ActiveCfg = AppStore|iPhone
		{06AA084F-3461-495D-A4AC-2F42FC6783AE}.AppStore|iPhone.ActiveCfg = AppStore|iPhone
		{06AA084F-3461-495D-A4AC-2F42FC6783AE}.AppStore|iPhone.Build.0 = AppStore|iPhone
		{06AA084F-3461-495D-A4AC-2F42FC6783AE}.AppStore|iPhoneSimulator.ActiveCfg = AppStore|iPhoneSimulator
		{06AA084F-3461-495D-A4AC-2F42FC6783AE}.AppStore|iPhoneSimulator.Build.0 = AppStore|iPhoneSimulator
		{06AA084F-3461-495D-A4AC-2F42FC6783AE}.AppStore|x64.ActiveCfg = AppStore|iPhone
		{06AA084F-3461-495D-A4AC-2F42FC6783AE}.AppStore|x86.ActiveCfg = AppStore|iPhone
		{06AA084F-3461-495D-A4AC-2F42FC6783AE}.Debug|Any CPU.ActiveCfg = Debug|iPhone
		{06AA084F-3461-495D-A4AC-2F42FC6783AE}.Debug|ARM.ActiveCfg = Debug|iPhone
		{06AA084F-3461-495D-A4AC-2F42FC6783AE}.Debug|iPhone.ActiveCfg = Debug|iPhone
		{06AA084F-3461-495D-A4AC-2F42FC6783AE}.Debug|iPhone.Build.0 = Debug|iPhone
		{06AA084F-3461-495D-A4AC-2F42FC6783AE}.Debug|iPhoneSimulator.ActiveCfg = Debug|iPhoneSimulator
		{06AA084F-3461-495D-A4AC-2F42FC6783AE}.Debug|iPhoneSimulator.Build.0 = Debug|iPhoneSimulator
		{06AA084F-3461-495D-A4AC-2F42FC6783AE}.Debug|x64.ActiveCfg = Debug|iPhone
		{06AA084F-3461-495D-A4AC-2F42FC6783AE}.Debug|x86.ActiveCfg = Debug|iPhone
		{06AA084F-3461-495D-A4AC-2F42FC6783AE}.Release|Any CPU.ActiveCfg = Release|iPhone
		{06AA084F-3461-495D-A4AC-2F42FC6783AE}.Release|ARM.ActiveCfg = Release|iPhone
		{06AA084F-3461-495D-A4AC-2F42FC6783AE}.Release|iPhone.ActiveCfg = Release|iPhone
		{06AA084F-3461-495D-A4AC-2F42FC6783AE}.Release|iPhone.Build.0 = Release|iPhone
		{06AA084F-3461-495D-A4AC-2F42FC6783AE}.Release|iPhoneSimulator.ActiveCfg = Release|iPhoneSimulator
		{06AA084F-3461-495D-A4AC-2F42FC6783AE}.Release|iPhoneSimulator.Build.0 = Release|iPhoneSimulator
		{06AA084F-3461-495D-A4AC-2F42FC6783AE}.Release|x64.ActiveCfg = Release|iPhone
		{06AA084F-3461-495D-A4AC-2F42FC6783AE}.Release|x86.ActiveCfg = Release|iPhone
		{31323DA6-F18B-4DA7-BD87-31032D915104}.Ad-Hoc|Any CPU.ActiveCfg = Debug|Any CPU
		{31323DA6-F18B-4DA7-BD87-31032D915104}.Ad-Hoc|Any CPU.Build.0 = Debug|Any CPU
		{31323DA6-F18B-4DA7-BD87-31032D915104}.Ad-Hoc|ARM.ActiveCfg = Debug|Any CPU
		{31323DA6-F18B-4DA7-BD87-31032D915104}.Ad-Hoc|ARM.Build.0 = Debug|Any CPU
		{31323DA6-F18B-4DA7-BD87-31032D915104}.Ad-Hoc|iPhone.ActiveCfg = Debug|Any CPU
		{31323DA6-F18B-4DA7-BD87-31032D915104}.Ad-Hoc|iPhone.Build.0 = Debug|Any CPU
		{31323DA6-F18B-4DA7-BD87-31032D915104}.Ad-Hoc|iPhoneSimulator.ActiveCfg = Debug|Any CPU
		{31323DA6-F18B-4DA7-BD87-31032D915104}.Ad-Hoc|iPhoneSimulator.Build.0 = Debug|Any CPU
		{31323DA6-F18B-4DA7-BD87-31032D915104}.Ad-Hoc|x64.ActiveCfg = Debug|Any CPU
		{31323DA6-F18B-4DA7-BD87-31032D915104}.Ad-Hoc|x64.Build.0 = Debug|Any CPU
		{31323DA6-F18B-4DA7-BD87-31032D915104}.Ad-Hoc|x86.ActiveCfg = Debug|Any CPU
		{31323DA6-F18B-4DA7-BD87-31032D915104}.Ad-Hoc|x86.Build.0 = Debug|Any CPU
		{31323DA6-F18B-4DA7-BD87-31032D915104}.AppStore|Any CPU.ActiveCfg = Debug|Any CPU
		{31323DA6-F18B-4DA7-BD87-31032D915104}.AppStore|Any CPU.Build.0 = Debug|Any CPU
		{31323DA6-F18B-4DA7-BD87-31032D915104}.AppStore|ARM.ActiveCfg = Debug|Any CPU
		{31323DA6-F18B-4DA7-BD87-31032D915104}.AppStore|ARM.Build.0 = Debug|Any CPU
		{31323DA6-F18B-4DA7-BD87-31032D915104}.AppStore|iPhone.ActiveCfg = Debug|Any CPU
		{31323DA6-F18B-4DA7-BD87-31032D915104}.AppStore|iPhone.Build.0 = Debug|Any CPU
		{31323DA6-F18B-4DA7-BD87-31032D915104}.AppStore|iPhoneSimulator.ActiveCfg = Debug|Any CPU
		{31323DA6-F18B-4DA7-BD87-31032D915104}.AppStore|iPhoneSimulator.Build.0 = Debug|Any CPU
		{31323DA6-F18B-4DA7-BD87-31032D915104}.AppStore|x64.ActiveCfg = Debug|Any CPU
		{31323DA6-F18B-4DA7-BD87-31032D915104}.AppStore|x64.Build.0 = Debug|Any CPU
		{31323DA6-F18B-4DA7-BD87-31032D915104}.AppStore|x86.ActiveCfg = Debug|Any CPU
		{31323DA6-F18B-4DA7-BD87-31032D915104}.AppStore|x86.Build.0 = Debug|Any CPU
		{31323DA6-F18B-4DA7-BD87-31032D915104}.Debug|Any CPU.ActiveCfg = Debug|Any CPU
		{31323DA6-F18B-4DA7-BD87-31032D915104}.Debug|Any CPU.Build.0 = Debug|Any CPU
		{31323DA6-F18B-4DA7-BD87-31032D915104}.Debug|ARM.ActiveCfg = Debug|Any CPU
		{31323DA6-F18B-4DA7-BD87-31032D915104}.Debug|ARM.Build.0 = Debug|Any CPU
		{31323DA6-F18B-4DA7-BD87-31032D915104}.Debug|iPhone.ActiveCfg = Debug|Any CPU
		{31323DA6-F18B-4DA7-BD87-31032D915104}.Debug|iPhone.Build.0 = Debug|Any CPU
		{31323DA6-F18B-4DA7-BD87-31032D915104}.Debug|iPhoneSimulator.ActiveCfg = Debug|Any CPU
		{31323DA6-F18B-4DA7-BD87-31032D915104}.Debug|iPhoneSimulator.Build.0 = Debug|Any CPU
		{31323DA6-F18B-4DA7-BD87-31032D915104}.Debug|x64.ActiveCfg = Debug|Any CPU
		{31323DA6-F18B-4DA7-BD87-31032D915104}.Debug|x64.Build.0 = Debug|Any CPU
		{31323DA6-F18B-4DA7-BD87-31032D915104}.Debug|x86.ActiveCfg = Debug|Any CPU
		{31323DA6-F18B-4DA7-BD87-31032D915104}.Debug|x86.Build.0 = Debug|Any CPU
		{31323DA6-F18B-4DA7-BD87-31032D915104}.Release|Any CPU.ActiveCfg = Release|Any CPU
		{31323DA6-F18B-4DA7-BD87-31032D915104}.Release|Any CPU.Build.0 = Release|Any CPU
		{31323DA6-F18B-4DA7-BD87-31032D915104}.Release|ARM.ActiveCfg = Release|Any CPU
		{31323DA6-F18B-4DA7-BD87-31032D915104}.Release|ARM.Build.0 = Release|Any CPU
		{31323DA6-F18B-4DA7-BD87-31032D915104}.Release|iPhone.ActiveCfg = Release|Any CPU
		{31323DA6-F18B-4DA7-BD87-31032D915104}.Release|iPhone.Build.0 = Release|Any CPU
		{31323DA6-F18B-4DA7-BD87-31032D915104}.Release|iPhoneSimulator.ActiveCfg = Release|Any CPU
		{31323DA6-F18B-4DA7-BD87-31032D915104}.Release|iPhoneSimulator.Build.0 = Release|Any CPU
		{31323DA6-F18B-4DA7-BD87-31032D915104}.Release|x64.ActiveCfg = Release|Any CPU
		{31323DA6-F18B-4DA7-BD87-31032D915104}.Release|x64.Build.0 = Release|Any CPU
		{31323DA6-F18B-4DA7-BD87-31032D915104}.Release|x86.ActiveCfg = Release|Any CPU
		{31323DA6-F18B-4DA7-BD87-31032D915104}.Release|x86.Build.0 = Release|Any CPU
	EndGlobalSection
	GlobalSection(SolutionProperties) = preSolution
		HideSolutionNode = FALSE
	EndGlobalSection
	GlobalSection(NestedProjects) = preSolution
		{80C15F91-90F0-4222-8289-CF5306A10D0D} = {F8C03B76-FB94-4DD3-BCE9-78BD682B6C4D}
		{D3447EB0-84D2-4E63-8C60-A70D64E58713} = {93A91AE7-D968-47E4-8209-04D6BCCBF6D9}
		{E400081B-31F4-48B0-AB59-4F6C415A2D83} = {F8C03B76-FB94-4DD3-BCE9-78BD682B6C4D}
		{06AA084F-3461-495D-A4AC-2F42FC6783AE} = {F8C03B76-FB94-4DD3-BCE9-78BD682B6C4D}
		{31323DA6-F18B-4DA7-BD87-31032D915104} = {F8C03B76-FB94-4DD3-BCE9-78BD682B6C4D}
	EndGlobalSection
	GlobalSection(ExtensibilityGlobals) = postSolution
		SolutionGuid = {8C377977-AC18-485E-844E-BD9B3A1D02A1}
	EndGlobalSection
EndGlobal
